// !$*UTF8*$!
{
	archiveVersion = 1;
	classes = {
	};
	objectVersion = 46;
	objects = {

/* Begin PBXBuildFile section */
		3F6339A51E9ABF920017CC5C /* main.m in Sources */ = {isa = PBXBuildFile; fileRef = 3F6339A41E9ABF920017CC5C /* main.m */; };
		3F6339A81E9ABF920017CC5C /* AppDelegate.m in Sources */ = {isa = PBXBuildFile; fileRef = 3F6339A71E9ABF920017CC5C /* AppDelegate.m */; };
		3F6339AB1E9ABF920017CC5C /* ViewController.m in Sources */ = {isa = PBXBuildFile; fileRef = 3F6339AA1E9ABF920017CC5C /* ViewController.m */; };
		3F6339AE1E9ABF920017CC5C /* Main.storyboard in Resources */ = {isa = PBXBuildFile; fileRef = 3F6339AC1E9ABF920017CC5C /* Main.storyboard */; };
		3F6339B01E9ABF920017CC5C /* Assets.xcassets in Resources */ = {isa = PBXBuildFile; fileRef = 3F6339AF1E9ABF920017CC5C /* Assets.xcassets */; };
		3F6339B31E9ABF920017CC5C /* LaunchScreen.storyboard in Resources */ = {isa = PBXBuildFile; fileRef = 3F6339B11E9ABF920017CC5C /* LaunchScreen.storyboard */; };
		3F6339D81E9AC81C0017CC5C /* Framework.framework in Frameworks */ = {isa = PBXBuildFile; fileRef = 3F6339D71E9AC81C0017CC5C /* Framework.framework */; };
		3F6339D91E9AC8470017CC5C /* Framework.framework in CopyFiles */ = {isa = PBXBuildFile; fileRef = 3F6339D71E9AC81C0017CC5C /* Framework.framework */; settings = {ATTRIBUTES = (CodeSignOnCopy, RemoveHeadersOnCopy, ); }; };
		FE2A3D29D5C1E9BCDBC55ADC /* Pods_App.framework in Frameworks */ = {isa = PBXBuildFile; fileRef = 0BA32E61DF6C246AF4A96CF2 /* Pods_App.framework */; };
/* End PBXBuildFile section */

/* Begin PBXCopyFilesBuildPhase section */
		3F6339D51E9AC7B90017CC5C /* CopyFiles */ = {
			isa = PBXCopyFilesBuildPhase;
			buildActionMask = 2147483647;
			dstPath = "";
			dstSubfolderSpec = 10;
			files = (
				3F6339D91E9AC8470017CC5C /* Framework.framework in CopyFiles */,
			);
			runOnlyForDeploymentPostprocessing = 0;
		};
/* End PBXCopyFilesBuildPhase section */

/* Begin PBXFileReference section */
		0BA32E61DF6C246AF4A96CF2 /* Pods_App.framework */ = {isa = PBXFileReference; explicitFileType = wrapper.framework; includeInIndex = 0; path = Pods_App.framework; sourceTree = BUILT_PRODUCTS_DIR; };
		147D986C8A2F41241D5B4616 /* Pods-App.debug.xcconfig */ = {isa = PBXFileReference; includeInIndex = 1; lastKnownFileType = text.xcconfig; name = "Pods-App.debug.xcconfig"; path = "Pods/Target Support Files/Pods-App/Pods-App.debug.xcconfig"; sourceTree = "<group>"; };
		3F6339A01E9ABF920017CC5C /* App.app */ = {isa = PBXFileReference; explicitFileType = wrapper.application; includeInIndex = 0; path = App.app; sourceTree = BUILT_PRODUCTS_DIR; };
		3F6339A41E9ABF920017CC5C /* main.m */ = {isa = PBXFileReference; lastKnownFileType = sourcecode.c.objc; path = main.m; sourceTree = "<group>"; };
		3F6339A61E9ABF920017CC5C /* AppDelegate.h */ = {isa = PBXFileReference; lastKnownFileType = sourcecode.c.h; path = AppDelegate.h; sourceTree = "<group>"; };
		3F6339A71E9ABF920017CC5C /* AppDelegate.m */ = {isa = PBXFileReference; lastKnownFileType = sourcecode.c.objc; path = AppDelegate.m; sourceTree = "<group>"; };
		3F6339A91E9ABF920017CC5C /* ViewController.h */ = {isa = PBXFileReference; lastKnownFileType = sourcecode.c.h; path = ViewController.h; sourceTree = "<group>"; };
		3F6339AA1E9ABF920017CC5C /* ViewController.m */ = {isa = PBXFileReference; lastKnownFileType = sourcecode.c.objc; path = ViewController.m; sourceTree = "<group>"; };
		3F6339AD1E9ABF920017CC5C /* Base */ = {isa = PBXFileReference; lastKnownFileType = file.storyboard; name = Base; path = Base.lproj/Main.storyboard; sourceTree = "<group>"; };
		3F6339AF1E9ABF920017CC5C /* Assets.xcassets */ = {isa = PBXFileReference; lastKnownFileType = folder.assetcatalog; path = Assets.xcassets; sourceTree = "<group>"; };
		3F6339B21E9ABF920017CC5C /* Base */ = {isa = PBXFileReference; lastKnownFileType = file.storyboard; name = Base; path = Base.lproj/LaunchScreen.storyboard; sourceTree = "<group>"; };
		3F6339B41E9ABF920017CC5C /* Info.plist */ = {isa = PBXFileReference; lastKnownFileType = text.plist.xml; path = Info.plist; sourceTree = "<group>"; };
		3F6339D71E9AC81C0017CC5C /* Framework.framework */ = {isa = PBXFileReference; lastKnownFileType = wrapper.framework; path = Framework.framework; sourceTree = BUILT_PRODUCTS_DIR; };
		CDA42E8A489FABDCC2739F50 /* Pods-App.release.xcconfig */ = {isa = PBXFileReference; includeInIndex = 1; lastKnownFileType = text.xcconfig; name = "Pods-App.release.xcconfig"; path = "Pods/Target Support Files/Pods-App/Pods-App.release.xcconfig"; sourceTree = "<group>"; };
/* End PBXFileReference section */

/* Begin PBXFrameworksBuildPhase section */
		3F63399D1E9ABF920017CC5C /* Frameworks */ = {
			isa = PBXFrameworksBuildPhase;
			buildActionMask = 2147483647;
			files = (
				3F6339D81E9AC81C0017CC5C /* Framework.framework in Frameworks */,
				FE2A3D29D5C1E9BCDBC55ADC /* Pods_App.framework in Frameworks */,
			);
			runOnlyForDeploymentPostprocessing = 0;
		};
/* End PBXFrameworksBuildPhase section */

/* Begin PBXGroup section */
		3AC8EDAD2A3477BE7ED3F5D6 /* Pods */ = {
			isa = PBXGroup;
			children = (
				147D986C8A2F41241D5B4616 /* Pods-App.debug.xcconfig */,
				CDA42E8A489FABDCC2739F50 /* Pods-App.release.xcconfig */,
			);
			name = Pods;
			sourceTree = "<group>";
		};
		3F6339971E9ABF920017CC5C = {
			isa = PBXGroup;
			children = (
				3F6339A21E9ABF920017CC5C /* App */,
				3F6339A11E9ABF920017CC5C /* Products */,
				3AC8EDAD2A3477BE7ED3F5D6 /* Pods */,
				87B17C00723403C2AF7DEB12 /* Frameworks */,
			);
			sourceTree = "<group>";
		};
		3F6339A11E9ABF920017CC5C /* Products */ = {
			isa = PBXGroup;
			children = (
				3F6339A01E9ABF920017CC5C /* App.app */,
			);
			name = Products;
			sourceTree = "<group>";
		};
		3F6339A21E9ABF920017CC5C /* App */ = {
			isa = PBXGroup;
			children = (
				3F6339A61E9ABF920017CC5C /* AppDelegate.h */,
				3F6339A71E9ABF920017CC5C /* AppDelegate.m */,
				3F6339A91E9ABF920017CC5C /* ViewController.h */,
				3F6339AA1E9ABF920017CC5C /* ViewController.m */,
				3F6339AC1E9ABF920017CC5C /* Main.storyboard */,
				3F6339AF1E9ABF920017CC5C /* Assets.xcassets */,
				3F6339B11E9ABF920017CC5C /* LaunchScreen.storyboard */,
				3F6339B41E9ABF920017CC5C /* Info.plist */,
				3F6339A31E9ABF920017CC5C /* Supporting Files */,
			);
			path = App;
			sourceTree = "<group>";
		};
		3F6339A31E9ABF920017CC5C /* Supporting Files */ = {
			isa = PBXGroup;
			children = (
				3F6339A41E9ABF920017CC5C /* main.m */,
			);
			name = "Supporting Files";
			sourceTree = "<group>";
		};
		87B17C00723403C2AF7DEB12 /* Frameworks */ = {
			isa = PBXGroup;
			children = (
				3F6339D71E9AC81C0017CC5C /* Framework.framework */,
				0BA32E61DF6C246AF4A96CF2 /* Pods_App.framework */,
			);
			name = Frameworks;
			sourceTree = "<group>";
		};
/* End PBXGroup section */

/* Begin PBXNativeTarget section */
		3F63399F1E9ABF920017CC5C /* App */ = {
			isa = PBXNativeTarget;
			buildConfigurationList = 3F6339B71E9ABF920017CC5C /* Build configuration list for PBXNativeTarget "App" */;
			buildPhases = (
				E48872C07041862B8B3966FD /* [CP] Check Pods Manifest.lock */,
				3F63399C1E9ABF920017CC5C /* Sources */,
				3F63399D1E9ABF920017CC5C /* Frameworks */,
				3F63399E1E9ABF920017CC5C /* Resources */,
				55829419C85944C1C29FFBD5 /* [CP] Embed Pods Frameworks */,
				33448C60CF79944C67B95A75 /* [CP] Copy Pods Resources */,
				3F6339D51E9AC7B90017CC5C /* CopyFiles */,
			);
			buildRules = (
			);
			dependencies = (
			);
			name = App;
			productName = App;
			productReference = 3F6339A01E9ABF920017CC5C /* App.app */;
			productType = "com.apple.product-type.application";
		};
/* End PBXNativeTarget section */

/* Begin PBXProject section */
		3F6339981E9ABF920017CC5C /* Project object */ = {
			isa = PBXProject;
			attributes = {
				LastUpgradeCheck = 0830;
				ORGANIZATIONNAME = "Renzo Crisóstomo";
				TargetAttributes = {
					3F63399F1E9ABF920017CC5C = {
						CreatedOnToolsVersion = 8.3;
						DevelopmentTeam = 7A5BJMR95M;
						ProvisioningStyle = Automatic;
					};
				};
			};
			buildConfigurationList = 3F63399B1E9ABF920017CC5C /* Build configuration list for PBXProject "App" */;
			compatibilityVersion = "Xcode 3.2";
			developmentRegion = English;
			hasScannedForEncodings = 0;
			knownRegions = (
				en,
				Base,
			);
			mainGroup = 3F6339971E9ABF920017CC5C;
			productRefGroup = 3F6339A11E9ABF920017CC5C /* Products */;
			projectDirPath = "";
			projectRoot = "";
			targets = (
				3F63399F1E9ABF920017CC5C /* App */,
			);
		};
/* End PBXProject section */

/* Begin PBXResourcesBuildPhase section */
		3F63399E1E9ABF920017CC5C /* Resources */ = {
			isa = PBXResourcesBuildPhase;
			buildActionMask = 2147483647;
			files = (
				3F6339B31E9ABF920017CC5C /* LaunchScreen.storyboard in Resources */,
				3F6339B01E9ABF920017CC5C /* Assets.xcassets in Resources */,
				3F6339AE1E9ABF920017CC5C /* Main.storyboard in Resources */,
			);
			runOnlyForDeploymentPostprocessing = 0;
		};
/* End PBXResourcesBuildPhase section */

/* Begin PBXShellScriptBuildPhase section */
		33448C60CF79944C67B95A75 /* [CP] Copy Pods Resources */ = {
			isa = PBXShellScriptBuildPhase;
			buildActionMask = 2147483647;
			files = (
			);
			inputPaths = (
			);
			name = "[CP] Copy Pods Resources";
			outputPaths = (
			);
			runOnlyForDeploymentPostprocessing = 0;
			shellPath = /bin/sh;
			shellScript = "\"${SRCROOT}/Pods/Target Support Files/Pods-App/Pods-App-resources.sh\"\n";
			showEnvVarsInLog = 0;
		};
		55829419C85944C1C29FFBD5 /* [CP] Embed Pods Frameworks */ = {
			isa = PBXShellScriptBuildPhase;
			buildActionMask = 2147483647;
			files = (
			);
			inputPaths = (
			);
			name = "[CP] Embed Pods Frameworks";
			outputPaths = (
			);
			runOnlyForDeploymentPostprocessing = 0;
			shellPath = /bin/sh;
			shellScript = "\"${SRCROOT}/Pods/Target Support Files/Pods-App/Pods-App-frameworks.sh\"\n";
			showEnvVarsInLog = 0;
		};
		E48872C07041862B8B3966FD /* [CP] Check Pods Manifest.lock */ = {
			isa = PBXShellScriptBuildPhase;
			buildActionMask = 2147483647;
			files = (
			);
			inputPaths = (
			);
			name = "[CP] Check Pods Manifest.lock";
			outputPaths = (
			);
			runOnlyForDeploymentPostprocessing = 0;
			shellPath = /bin/sh;
			shellScript = "diff \"${PODS_ROOT}/../Podfile.lock\" \"${PODS_ROOT}/Manifest.lock\" > /dev/null\nif [ $? != 0 ] ; then\n    # print error to STDERR\n    echo \"error: The sandbox is not in sync with the Podfile.lock. Run 'pod install' or update your CocoaPods installation.\" >&2\n    exit 1\nfi\n";
			showEnvVarsInLog = 0;
		};
/* End PBXShellScriptBuildPhase section */

/* Begin PBXSourcesBuildPhase section */
		3F63399C1E9ABF920017CC5C /* Sources */ = {
			isa = PBXSourcesBuildPhase;
			buildActionMask = 2147483647;
			files = (
				3F6339AB1E9ABF920017CC5C /* ViewController.m in Sources */,
				3F6339A81E9ABF920017CC5C /* AppDelegate.m in Sources */,
				3F6339A51E9ABF920017CC5C /* main.m in Sources */,
			);
			runOnlyForDeploymentPostprocessing = 0;
		};
/* End PBXSourcesBuildPhase section */

/* Begin PBXVariantGroup section */
		3F6339AC1E9ABF920017CC5C /* Main.storyboard */ = {
			isa = PBXVariantGroup;
			children = (
				3F6339AD1E9ABF920017CC5C /* Base */,
			);
			name = Main.storyboard;
			sourceTree = "<group>";
		};
		3F6339B11E9ABF920017CC5C /* LaunchScreen.storyboard */ = {
			isa = PBXVariantGroup;
			children = (
				3F6339B21E9ABF920017CC5C /* Base */,
			);
			name = LaunchScreen.storyboard;
			sourceTree = "<group>";
		};
/* End PBXVariantGroup section */

/* Begin XCBuildConfiguration section */
		3F6339B51E9ABF920017CC5C /* Debug */ = {
			isa = XCBuildConfiguration;
			buildSettings = {
				ALWAYS_SEARCH_USER_PATHS = NO;
				CLANG_ANALYZER_NONNULL = YES;
				CLANG_ANALYZER_NUMBER_OBJECT_CONVERSION = YES_AGGRESSIVE;
				CLANG_CXX_LANGUAGE_STANDARD = "gnu++0x";
				CLANG_CXX_LIBRARY = "libc++";
				CLANG_ENABLE_MODULES = YES;
				CLANG_ENABLE_OBJC_ARC = YES;
				CLANG_WARN_BOOL_CONVERSION = YES;
				CLANG_WARN_CONSTANT_CONVERSION = YES;
				CLANG_WARN_DIRECT_OBJC_ISA_USAGE = YES_ERROR;
				CLANG_WARN_DOCUMENTATION_COMMENTS = YES;
				CLANG_WARN_EMPTY_BODY = YES;
				CLANG_WARN_ENUM_CONVERSION = YES;
				CLANG_WARN_INFINITE_RECURSION = YES;
				CLANG_WARN_INT_CONVERSION = YES;
				CLANG_WARN_OBJC_ROOT_CLASS = YES_ERROR;
				CLANG_WARN_SUSPICIOUS_MOVE = YES;
				CLANG_WARN_UNREACHABLE_CODE = YES;
				CLANG_WARN__DUPLICATE_METHOD_MATCH = YES;
				"CODE_SIGN_IDENTITY[sdk=iphoneos*]" = "iPhone Developer";
				COPY_PHASE_STRIP = NO;
				DEBUG_INFORMATION_FORMAT = dwarf;
				ENABLE_STRICT_OBJC_MSGSEND = YES;
				ENABLE_TESTABILITY = YES;
				GCC_C_LANGUAGE_STANDARD = gnu99;
				GCC_DYNAMIC_NO_PIC = NO;
				GCC_NO_COMMON_BLOCKS = YES;
				GCC_OPTIMIZATION_LEVEL = 0;
				GCC_PREPROCESSOR_DEFINITIONS = (
					"DEBUG=1",
					"$(inherited)",
				);
				GCC_WARN_64_TO_32_BIT_CONVERSION = YES;
				GCC_WARN_ABOUT_RETURN_TYPE = YES_ERROR;
				GCC_WARN_UNDECLARED_SELECTOR = YES;
				GCC_WARN_UNINITIALIZED_AUTOS = YES_AGGRESSIVE;
				GCC_WARN_UNUSED_FUNCTION = YES;
				GCC_WARN_UNUSED_VARIABLE = YES;
				IPHONEOS_DEPLOYMENT_TARGET = 10.3;
				MTL_ENABLE_DEBUG_INFO = YES;
				ONLY_ACTIVE_ARCH = YES;
				SDKROOT = iphoneos;
				TARGETED_DEVICE_FAMILY = "1,2";
			};
			name = Debug;
		};
		3F6339B61E9ABF920017CC5C /* Release */ = {
			isa = XCBuildConfiguration;
			buildSettings = {
				ALWAYS_SEARCH_USER_PATHS = NO;
				CLANG_ANALYZER_NONNULL = YES;
				CLANG_ANALYZER_NUMBER_OBJECT_CONVERSION = YES_AGGRESSIVE;
				CLANG_CXX_LANGUAGE_STANDARD = "gnu++0x";
				CLANG_CXX_LIBRARY = "libc++";
				CLANG_ENABLE_MODULES = YES;
				CLANG_ENABLE_OBJC_ARC = YES;
				CLANG_WARN_BOOL_CONVERSION = YES;
				CLANG_WARN_CONSTANT_CONVERSION = YES;
				CLANG_WARN_DIRECT_OBJC_ISA_USAGE = YES_ERROR;
				CLANG_WARN_DOCUMENTATION_COMMENTS = YES;
				CLANG_WARN_EMPTY_BODY = YES;
				CLANG_WARN_ENUM_CONVERSION = YES;
				CLANG_WARN_INFINITE_RECURSION = YES;
				CLANG_WARN_INT_CONVERSION = YES;
				CLANG_WARN_OBJC_ROOT_CLASS = YES_ERROR;
				CLANG_WARN_SUSPICIOUS_MOVE = YES;
				CLANG_WARN_UNREACHABLE_CODE = YES;
				CLANG_WARN__DUPLICATE_METHOD_MATCH = YES;
				"CODE_SIGN_IDENTITY[sdk=iphoneos*]" = "iPhone Developer";
				COPY_PHASE_STRIP = NO;
				DEBUG_INFORMATION_FORMAT = "dwarf-with-dsym";
				ENABLE_NS_ASSERTIONS = NO;
				ENABLE_STRICT_OBJC_MSGSEND = YES;
				GCC_C_LANGUAGE_STANDARD = gnu99;
				GCC_NO_COMMON_BLOCKS = YES;
				GCC_WARN_64_TO_32_BIT_CONVERSION = YES;
				GCC_WARN_ABOUT_RETURN_TYPE = YES_ERROR;
				GCC_WARN_UNDECLARED_SELECTOR = YES;
				GCC_WARN_UNINITIALIZED_AUTOS = YES_AGGRESSIVE;
				GCC_WARN_UNUSED_FUNCTION = YES;
				GCC_WARN_UNUSED_VARIABLE = YES;
				IPHONEOS_DEPLOYMENT_TARGET = 10.3;
				MTL_ENABLE_DEBUG_INFO = NO;
				SDKROOT = iphoneos;
				TARGETED_DEVICE_FAMILY = "1,2";
				VALIDATE_PRODUCT = YES;
			};
			name = Release;
		};
		3F6339B81E9ABF920017CC5C /* Debug */ = {
			isa = XCBuildConfiguration;
			baseConfigurationReference = 147D986C8A2F41241D5B4616 /* Pods-App.debug.xcconfig */;
			buildSettings = {
				ASSETCATALOG_COMPILER_APPICON_NAME = AppIcon;
				DEVELOPMENT_TEAM = 7A5BJMR95M;
				FRAMEWORK_SEARCH_PATHS = (
					"$(inherited)",
					"$(PROJECT_DIR)/Framework/build/Debug-iphoneos",
				);
				INFOPLIST_FILE = App/Info.plist;
				IPHONEOS_DEPLOYMENT_TARGET = 9.0;
				LD_RUNPATH_SEARCH_PATHS = "$(inherited) @executable_path/Frameworks";
				PRODUCT_BUNDLE_IDENTIFIER = de.ruenzuo.App;
				PRODUCT_NAME = "$(TARGET_NAME)";
			};
			name = Debug;
		};
		3F6339B91E9ABF920017CC5C /* Release */ = {
			isa = XCBuildConfiguration;
			baseConfigurationReference = CDA42E8A489FABDCC2739F50 /* Pods-App.release.xcconfig */;
			buildSettings = {
				ASSETCATALOG_COMPILER_APPICON_NAME = AppIcon;
				DEVELOPMENT_TEAM = 7A5BJMR95M;
				FRAMEWORK_SEARCH_PATHS = (
					"$(inherited)",
					"$(PROJECT_DIR)/Framework/build/Debug-iphoneos",
				);
				INFOPLIST_FILE = App/Info.plist;
				IPHONEOS_DEPLOYMENT_TARGET = 9.0;
				LD_RUNPATH_SEARCH_PATHS = "$(inherited) @executable_path/Frameworks";
				PRODUCT_BUNDLE_IDENTIFIER = de.ruenzuo.App;
				PRODUCT_NAME = "$(TARGET_NAME)";
			};
			name = Release;
		};
/* End XCBuildConfiguration section */

/* Begin XCConfigurationList section */
		3F63399B1E9ABF920017CC5C /* Build configuration list for PBXProject "App" */ = {
			isa = XCConfigurationList;
			buildConfigurations = (
				3F6339B51E9ABF920017CC5C /* Debug */,
				3F6339B61E9ABF920017CC5C /* Release */,
			);
			defaultConfigurationIsVisible = 0;
			defaultConfigurationName = Release;
		};
		3F6339B71E9ABF920017CC5C /* Build configuration list for PBXNativeTarget "App" */ = {
			isa = XCConfigurationList;
			buildConfigurations = (
				3F6339B81E9ABF920017CC5C /* Debug */,
				3F6339B91E9ABF920017CC5C /* Release */,
			);
			defaultConfigurationIsVisible = 0;
			defaultConfigurationName = Release;
		};
/* End XCConfigurationList section */
	};
	rootObject = 3F6339981E9ABF920017CC5C /* Project object */;
}
